
Microsoft Visual Studio Solution File, Format Version 12.00
# Visual Studio 15
VisualStudioVersion = 15.0.28010.2048
MinimumVisualStudioVersion = 10.0.40219.1
Project("{FAE04EC0-301F-11D3-BF4B-00C04F79EFBC}") = "Arena", "Arena\Arena.csproj", "{DEBFB08E-F044-43F9-8A9D-D9CED289773E}"
EndProject
Global
	GlobalSection(SolutionConfigurationPlatforms) = preSolution
		Debug|Any CPU = Debug|Any CPU
		Release|Any CPU = Release|Any CPU
	EndGlobalSection
	GlobalSection(ProjectConfigurationPlatforms) = postSolution
		{DEBFB08E-F044-43F9-8A9D-D9CED289773E}.Debug|Any CPU.ActiveCfg = Debug|Any CPU
		{DEBFB08E-F044-43F9-8A9D-D9CED289773E}.Debug|Any CPU.Build.0 = Debug|Any CPU
		{DEBFB08E-F044-43F9-8A9D-D9CED289773E}.Release|Any CPU.ActiveCfg = Release|Any CPU
		{DEBFB08E-F044-43F9-8A9D-D9CED289773E}.Release|Any CPU.Build.0 = Release|Any CPU
	EndGlobalSection
	GlobalSection(SolutionProperties) = preSolution
		HideSolutionNode = FALSE
	EndGlobalSection
	GlobalSection(ExtensibilityGlobals) = postSolution
		SolutionGuid = {6CBC5271-9B41-460B-A011-D9F72E979D91}
	EndGlobalSection
EndGlobal
